// !$*UTF8*$!
{
	archiveVersion = 1;
	classes = {
	};
	objectVersion = 48;
	objects = {

/* Begin PBXBuildFile section */
		593B6E96203D9B470064195F /* AppDelegate.swift in Sources */ = {isa = PBXBuildFile; fileRef = 593B6E95203D9B470064195F /* AppDelegate.swift */; };
		593B6E98203D9B470064195F /* ViewController.swift in Sources */ = {isa = PBXBuildFile; fileRef = 593B6E97203D9B470064195F /* ViewController.swift */; };
		593B6E9B203D9B470064195F /* Main.storyboard in Resources */ = {isa = PBXBuildFile; fileRef = 593B6E99203D9B470064195F /* Main.storyboard */; };
		593B6E9D203D9B470064195F /* Assets.xcassets in Resources */ = {isa = PBXBuildFile; fileRef = 593B6E9C203D9B470064195F /* Assets.xcassets */; };
		593B6EA0203D9B470064195F /* LaunchScreen.storyboard in Resources */ = {isa = PBXBuildFile; fileRef = 593B6E9E203D9B470064195F /* LaunchScreen.storyboard */; };
		593B6EAB203D9B470064195F /* PersonalityQuizTests.swift in Sources */ = {isa = PBXBuildFile; fileRef = 593B6EAA203D9B470064195F /* PersonalityQuizTests.swift */; };
		593B6EB6203D9B480064195F /* PersonalityQuizUITests.swift in Sources */ = {isa = PBXBuildFile; fileRef = 593B6EB5203D9B480064195F /* PersonalityQuizUITests.swift */; };
/* End PBXBuildFile section */

/* Begin PBXContainerItemProxy section */
		593B6EA7203D9B470064195F /* PBXContainerItemProxy */ = {
			isa = PBXContainerItemProxy;
			containerPortal = 593B6E8A203D9B470064195F /* Project object */;
			proxyType = 1;
			remoteGlobalIDString = 593B6E91203D9B470064195F;
			remoteInfo = PersonalityQuiz;
		};
		593B6EB2203D9B480064195F /* PBXContainerItemProxy */ = {
			isa = PBXContainerItemProxy;
			containerPortal = 593B6E8A203D9B470064195F /* Project object */;
			proxyType = 1;
			remoteGlobalIDString = 593B6E91203D9B470064195F;
			remoteInfo = PersonalityQuiz;
		};
/* End PBXContainerItemProxy section */

/* Begin PBXFileReference section */
		593B6E92203D9B470064195F /* PersonalityQuiz.app */ = {isa = PBXFileReference; explicitFileType = wrapper.application; includeInIndex = 0; path = PersonalityQuiz.app; sourceTree = BUILT_PRODUCTS_DIR; };
		593B6E95203D9B470064195F /* AppDelegate.swift */ = {isa = PBXFileReference; lastKnownFileType = sourcecode.swift; path = AppDelegate.swift; sourceTree = "<group>"; };
		593B6E97203D9B470064195F /* ViewController.swift */ = {isa = PBXFileReference; lastKnownFileType = sourcecode.swift; path = ViewController.swift; sourceTree = "<group>"; };
		593B6E9A203D9B470064195F /* Base */ = {isa = PBXFileReference; lastKnownFileType = file.storyboard; name = Base; path = Base.lproj/Main.storyboard; sourceTree = "<group>"; };
		593B6E9C203D9B470064195F /* Assets.xcassets */ = {isa = PBXFileReference; lastKnownFileType = folder.assetcatalog; path = Assets.xcassets; sourceTree = "<group>"; };
		593B6E9F203D9B470064195F /* Base */ = {isa = PBXFileReference; lastKnownFileType = file.storyboard; name = Base; path = Base.lproj/LaunchScreen.storyboard; sourceTree = "<group>"; };
		593B6EA1203D9B470064195F /* Info.plist */ = {isa = PBXFileReference; lastKnownFileType = text.plist.xml; path = Info.plist; sourceTree = "<group>"; };
		593B6EA6203D9B470064195F /* PersonalityQuizTests.xctest */ = {isa = PBXFileReference; explicitFileType = wrapper.cfbundle; includeInIndex = 0; path = PersonalityQuizTests.xctest; sourceTree = BUILT_PRODUCTS_DIR; };
		593B6EAA203D9B470064195F /* PersonalityQuizTests.swift */ = {isa = PBXFileReference; lastKnownFileType = sourcecode.swift; path = PersonalityQuizTests.swift; sourceTree = "<group>"; };
		593B6EAC203D9B470064195F /* Info.plist */ = {isa = PBXFileReference; lastKnownFileType = text.plist.xml; path = Info.plist; sourceTree = "<group>"; };
		593B6EB1203D9B480064195F /* PersonalityQuizUITests.xctest */ = {isa = PBXFileReference; explicitFileType = wrapper.cfbundle; includeInIndex = 0; path = PersonalityQuizUITests.xctest; sourceTree = BUILT_PRODUCTS_DIR; };
		593B6EB5203D9B480064195F /* PersonalityQuizUITests.swift */ = {isa = PBXFileReference; lastKnownFileType = sourcecode.swift; path = PersonalityQuizUITests.swift; sourceTree = "<group>"; };
		593B6EB7203D9B480064195F /* Info.plist */ = {isa = PBXFileReference; lastKnownFileType = text.plist.xml; path = Info.plist; sourceTree = "<group>"; };
/* End PBXFileReference section */

/* Begin PBXFrameworksBuildPhase section */
		593B6E8F203D9B470064195F /* Frameworks */ = {
			isa = PBXFrameworksBuildPhase;
			buildActionMask = 2147483647;
			files = (
			);
			runOnlyForDeploymentPostprocessing = 0;
		};
		593B6EA3203D9B470064195F /* Frameworks */ = {
			isa = PBXFrameworksBuildPhase;
			buildActionMask = 2147483647;
			files = (
			);
			runOnlyForDeploymentPostprocessing = 0;
		};
		593B6EAE203D9B480064195F /* Frameworks */ = {
			isa = PBXFrameworksBuildPhase;
			buildActionMask = 2147483647;
			files = (
			);
			runOnlyForDeploymentPostprocessing = 0;
		};
/* End PBXFrameworksBuildPhase section */

/* Begin PBXGroup section */
		593B6E89203D9B470064195F = {
			isa = PBXGroup;
			children = (
				593B6E94203D9B470064195F /* PersonalityQuiz */,
				593B6EA9203D9B470064195F /* PersonalityQuizTests */,
				593B6EB4203D9B480064195F /* PersonalityQuizUITests */,
				593B6E93203D9B470064195F /* Products */,
			);
			sourceTree = "<group>";
		};
		593B6E93203D9B470064195F /* Products */ = {
			isa = PBXGroup;
			children = (
				593B6E92203D9B470064195F /* PersonalityQuiz.app */,
				593B6EA6203D9B470064195F /* PersonalityQuizTests.xctest */,
				593B6EB1203D9B480064195F /* PersonalityQuizUITests.xctest */,
			);
			name = Products;
			sourceTree = "<group>";
		};
		593B6E94203D9B470064195F /* PersonalityQuiz */ = {
			isa = PBXGroup;
			children = (
				593B6E95203D9B470064195F /* AppDelegate.swift */,
				593B6E97203D9B470064195F /* ViewController.swift */,
				593B6E99203D9B470064195F /* Main.storyboard */,
				593B6E9C203D9B470064195F /* Assets.xcassets */,
				593B6E9E203D9B470064195F /* LaunchScreen.storyboard */,
				593B6EA1203D9B470064195F /* Info.plist */,
			);
			path = PersonalityQuiz;
			sourceTree = "<group>";
		};
		593B6EA9203D9B470064195F /* PersonalityQuizTests */ = {
			isa = PBXGroup;
			children = (
				593B6EAA203D9B470064195F /* PersonalityQuizTests.swift */,
				593B6EAC203D9B470064195F /* Info.plist */,
			);
			path = PersonalityQuizTests;
			sourceTree = "<group>";
		};
		593B6EB4203D9B480064195F /* PersonalityQuizUITests */ = {
			isa = PBXGroup;
			children = (
				593B6EB5203D9B480064195F /* PersonalityQuizUITests.swift */,
				593B6EB7203D9B480064195F /* Info.plist */,
			);
			path = PersonalityQuizUITests;
			sourceTree = "<group>";
		};
/* End PBXGroup section */

/* Begin PBXNativeTarget section */
		593B6E91203D9B470064195F /* PersonalityQuiz */ = {
			isa = PBXNativeTarget;
			buildConfigurationList = 593B6EBA203D9B480064195F /* Build configuration list for PBXNativeTarget "PersonalityQuiz" */;
			buildPhases = (
				593B6E8E203D9B470064195F /* Sources */,
				593B6E8F203D9B470064195F /* Frameworks */,
				593B6E90203D9B470064195F /* Resources */,
			);
			buildRules = (
			);
			dependencies = (
			);
			name = PersonalityQuiz;
			productName = PersonalityQuiz;
			productReference = 593B6E92203D9B470064195F /* PersonalityQuiz.app */;
			productType = "com.apple.product-type.application";
		};
		593B6EA5203D9B470064195F /* PersonalityQuizTests */ = {
			isa = PBXNativeTarget;
			buildConfigurationList = 593B6EBD203D9B480064195F /* Build configuration list for PBXNativeTarget "PersonalityQuizTests" */;
			buildPhases = (
				593B6EA2203D9B470064195F /* Sources */,
				593B6EA3203D9B470064195F /* Frameworks */,
				593B6EA4203D9B470064195F /* Resources */,
			);
			buildRules = (
			);
			dependencies = (
				593B6EA8203D9B470064195F /* PBXTargetDependency */,
			);
			name = PersonalityQuizTests;
			productName = PersonalityQuizTests;
			productReference = 593B6EA6203D9B470064195F /* PersonalityQuizTests.xctest */;
			productType = "com.apple.product-type.bundle.unit-test";
		};
		593B6EB0203D9B480064195F /* PersonalityQuizUITests */ = {
			isa = PBXNativeTarget;
			buildConfigurationList = 593B6EC0203D9B480064195F /* Build configuration list for PBXNativeTarget "PersonalityQuizUITests" */;
			buildPhases = (
				593B6EAD203D9B480064195F /* Sources */,
				593B6EAE203D9B480064195F /* Frameworks */,
				593B6EAF203D9B480064195F /* Resources */,
			);
			buildRules = (
			);
			dependencies = (
				593B6EB3203D9B480064195F /* PBXTargetDependency */,
			);
			name = PersonalityQuizUITests;
			productName = PersonalityQuizUITests;
			productReference = 593B6EB1203D9B480064195F /* PersonalityQuizUITests.xctest */;
			productType = "com.apple.product-type.bundle.ui-testing";
		};
/* End PBXNativeTarget section */

/* Begin PBXProject section */
		593B6E8A203D9B470064195F /* Project object */ = {
			isa = PBXProject;
			attributes = {
				LastSwiftUpdateCheck = 0920;
				LastUpgradeCheck = 0920;
				ORGANIZATIONNAME = "Philip van der Hoek";
				TargetAttributes = {
					593B6E91203D9B470064195F = {
						CreatedOnToolsVersion = 9.2;
						ProvisioningStyle = Automatic;
					};
					593B6EA5203D9B470064195F = {
						CreatedOnToolsVersion = 9.2;
						ProvisioningStyle = Automatic;
						TestTargetID = 593B6E91203D9B470064195F;
					};
					593B6EB0203D9B480064195F = {
						CreatedOnToolsVersion = 9.2;
						ProvisioningStyle = Automatic;
						TestTargetID = 593B6E91203D9B470064195F;
					};
				};
			};
			buildConfigurationList = 593B6E8D203D9B470064195F /* Build configuration list for PBXProject "PersonalityQuiz" */;
			compatibilityVersion = "Xcode 8.0";
			developmentRegion = en;
			hasScannedForEncodings = 0;
			knownRegions = (
				en,
				Base,
			);
			mainGroup = 593B6E89203D9B470064195F;
			productRefGroup = 593B6E93203D9B470064195F /* Products */;
			projectDirPath = "";
			projectRoot = "";
			targets = (
				593B6E91203D9B470064195F /* PersonalityQuiz */,
				593B6EA5203D9B470064195F /* PersonalityQuizTests */,
				593B6EB0203D9B480064195F /* PersonalityQuizUITests */,
			);
		};
/* End PBXProject section */

/* Begin PBXResourcesBuildPhase section */
		593B6E90203D9B470064195F /* Resources */ = {
			isa = PBXResourcesBuildPhase;
			buildActionMask = 2147483647;
			files = (
				593B6EA0203D9B470064195F /* LaunchScreen.storyboard in Resources */,
				593B6E9D203D9B470064195F /* Assets.xcassets in Resources */,
				593B6E9B203D9B470064195F /* Main.storyboard in Resources */,
			);
			runOnlyForDeploymentPostprocessing = 0;
		};
		593B6EA4203D9B470064195F /* Resources */ = {
			isa = PBXResourcesBuildPhase;
			buildActionMask = 2147483647;
			files = (
			);
			runOnlyForDeploymentPostprocessing = 0;
		};
		593B6EAF203D9B480064195F /* Resources */ = {
			isa = PBXResourcesBuildPhase;
			buildActionMask = 2147483647;
			files = (
			);
			runOnlyForDeploymentPostprocessing = 0;
		};
/* End PBXResourcesBuildPhase section */

/* Begin PBXSourcesBuildPhase section */
		593B6E8E203D9B470064195F /* Sources */ = {
			isa = PBXSourcesBuildPhase;
			buildActionMask = 2147483647;
			files = (
				593B6E98203D9B470064195F /* ViewController.swift in Sources */,
				593B6E96203D9B470064195F /* AppDelegate.swift in Sources */,
			);
			runOnlyForDeploymentPostprocessing = 0;
		};
		593B6EA2203D9B470064195F /* Sources */ = {
			isa = PBXSourcesBuildPhase;
			buildActionMask = 2147483647;
			files = (
				593B6EAB203D9B470064195F /* PersonalityQuizTests.swift in Sources */,
			);
			runOnlyForDeploymentPostprocessing = 0;
		};
		593B6EAD203D9B480064195F /* Sources */ = {
			isa = PBXSourcesBuildPhase;
			buildActionMask = 2147483647;
			files = (
				593B6EB6203D9B480064195F /* PersonalityQuizUITests.swift in Sources */,
			);
			runOnlyForDeploymentPostprocessing = 0;
		};
/* End PBXSourcesBuildPhase section */

/* Begin PBXTargetDependency section */
		593B6EA8203D9B470064195F /* PBXTargetDependency */ = {
			isa = PBXTargetDependency;
			target = 593B6E91203D9B470064195F /* PersonalityQuiz */;
			targetProxy = 593B6EA7203D9B470064195F /* PBXContainerItemProxy */;
		};
		593B6EB3203D9B480064195F /* PBXTargetDependency */ = {
			isa = PBXTargetDependency;
			target = 593B6E91203D9B470064195F /* PersonalityQuiz */;
			targetProxy = 593B6EB2203D9B480064195F /* PBXContainerItemProxy */;
		};
/* End PBXTargetDependency section */

/* Begin PBXVariantGroup section */
		593B6E99203D9B470064195F /* Main.storyboard */ = {
			isa = PBXVariantGroup;
			children = (
				593B6E9A203D9B470064195F /* Base */,
			);
			name = Main.storyboard;
			sourceTree = "<group>";
		};
		593B6E9E203D9B470064195F /* LaunchScreen.storyboard */ = {
			isa = PBXVariantGroup;
			children = (
				593B6E9F203D9B470064195F /* Base */,
			);
			name = LaunchScreen.storyboard;
			sourceTree = "<group>";
		};
/* End PBXVariantGroup section */

/* Begin XCBuildConfiguration section */
		593B6EB8203D9B480064195F /* Debug */ = {
			isa = XCBuildConfiguration;
			buildSettings = {
				ALWAYS_SEARCH_USER_PATHS = NO;
				CLANG_ANALYZER_NONNULL = YES;
				CLANG_ANALYZER_NUMBER_OBJECT_CONVERSION = YES_AGGRESSIVE;
				CLANG_CXX_LANGUAGE_STANDARD = "gnu++14";
				CLANG_CXX_LIBRARY = "libc++";
				CLANG_ENABLE_MODULES = YES;
				CLANG_ENABLE_OBJC_ARC = YES;
				CLANG_WARN_BLOCK_CAPTURE_AUTORELEASING = YES;
				CLANG_WARN_BOOL_CONVERSION = YES;
				CLANG_WARN_COMMA = YES;
				CLANG_WARN_CONSTANT_CONVERSION = YES;
				CLANG_WARN_DIRECT_OBJC_ISA_USAGE = YES_ERROR;
				CLANG_WARN_DOCUMENTATION_COMMENTS = YES;
				CLANG_WARN_EMPTY_BODY = YES;
				CLANG_WARN_ENUM_CONVERSION = YES;
				CLANG_WARN_INFINITE_RECURSION = YES;
				CLANG_WARN_INT_CONVERSION = YES;
				CLANG_WARN_NON_LITERAL_NULL_CONVERSION = YES;
				CLANG_WARN_OBJC_LITERAL_CONVERSION = YES;
				CLANG_WARN_OBJC_ROOT_CLASS = YES_ERROR;
				CLANG_WARN_RANGE_LOOP_ANALYSIS = YES;
				CLANG_WARN_STRICT_PROTOTYPES = YES;
				CLANG_WARN_SUSPICIOUS_MOVE = YES;
				CLANG_WARN_UNGUARDED_AVAILABILITY = YES_AGGRESSIVE;
				CLANG_WARN_UNREACHABLE_CODE = YES;
				CLANG_WARN__DUPLICATE_METHOD_MATCH = YES;
				CODE_SIGN_IDENTITY = "iPhone Developer";
				COPY_PHASE_STRIP = NO;
				DEBUG_INFORMATION_FORMAT = dwarf;
				ENABLE_STRICT_OBJC_MSGSEND = YES;
				ENABLE_TESTABILITY = YES;
				GCC_C_LANGUAGE_STANDARD = gnu11;
				GCC_DYNAMIC_NO_PIC = NO;
				GCC_NO_COMMON_BLOCKS = YES;
				GCC_OPTIMIZATION_LEVEL = 0;
				GCC_PREPROCESSOR_DEFINITIONS = (
					"DEBUG=1",
					"$(inherited)",
				);
				GCC_WARN_64_TO_32_BIT_CONVERSION = YES;
				GCC_WARN_ABOUT_RETURN_TYPE = YES_ERROR;
				GCC_WARN_UNDECLARED_SELECTOR = YES;
				GCC_WARN_UNINITIALIZED_AUTOS = YES_AGGRESSIVE;
				GCC_WARN_UNUSED_FUNCTION = YES;
				GCC_WARN_UNUSED_VARIABLE = YES;
				IPHONEOS_DEPLOYMENT_TARGET = 11.2;
				MTL_ENABLE_DEBUG_INFO = YES;
				ONLY_ACTIVE_ARCH = YES;
				SDKROOT = iphoneos;
				SWIFT_ACTIVE_COMPILATION_CONDITIONS = DEBUG;
				SWIFT_OPTIMIZATION_LEVEL = "-Onone";
			};
			name = Debug;
		};
		593B6EB9203D9B480064195F /* Release */ = {
			isa = XCBuildConfiguration;
			buildSettings = {
				ALWAYS_SEARCH_USER_PATHS = NO;
				CLANG_ANALYZER_NONNULL = YES;
				CLANG_ANALYZER_NUMBER_OBJECT_CONVERSION = YES_AGGRESSIVE;
				CLANG_CXX_LANGUAGE_STANDARD = "gnu++14";
				CLANG_CXX_LIBRARY = "libc++";
				CLANG_ENABLE_MODULES = YES;
				CLANG_ENABLE_OBJC_ARC = YES;
				CLANG_WARN_BLOCK_CAPTURE_AUTORELEASING = YES;
				CLANG_WARN_BOOL_CONVERSION = YES;
				CLANG_WARN_COMMA = YES;
				CLANG_WARN_CONSTANT_CONVERSION = YES;
				CLANG_WARN_DIRECT_OBJC_ISA_USAGE = YES_ERROR;
				CLANG_WARN_DOCUMENTATION_COMMENTS = YES;
				CLANG_WARN_EMPTY_BODY = YES;
				CLANG_WARN_ENUM_CONVERSION = YES;
				CLANG_WARN_INFINITE_RECURSION = YES;
				CLANG_WARN_INT_CONVERSION = YES;
				CLANG_WARN_NON_LITERAL_NULL_CONVERSION = YES;
				CLANG_WARN_OBJC_LITERAL_CONVERSION = YES;
				CLANG_WARN_OBJC_ROOT_CLASS = YES_ERROR;
				CLANG_WARN_RANGE_LOOP_ANALYSIS = YES;
				CLANG_WARN_STRICT_PROTOTYPES = YES;
				CLANG_WARN_SUSPICIOUS_MOVE = YES;
				CLANG_WARN_UNGUARDED_AVAILABILITY = YES_AGGRESSIVE;
				CLANG_WARN_UNREACHABLE_CODE = YES;
				CLANG_WARN__DUPLICATE_METHOD_MATCH = YES;
				CODE_SIGN_IDENTITY = "iPhone Developer";
				COPY_PHASE_STRIP = NO;
				DEBUG_INFORMATION_FORMAT = "dwarf-with-dsym";
				ENABLE_NS_ASSERTIONS = NO;
				ENABLE_STRICT_OBJC_MSGSEND = YES;
				GCC_C_LANGUAGE_STANDARD = gnu11;
				GCC_NO_COMMON_BLOCKS = YES;
				GCC_WARN_64_TO_32_BIT_CONVERSION = YES;
				GCC_WARN_ABOUT_RETURN_TYPE = YES_ERROR;
				GCC_WARN_UNDECLARED_SELECTOR = YES;
				GCC_WARN_UNINITIALIZED_AUTOS = YES_AGGRESSIVE;
				GCC_WARN_UNUSED_FUNCTION = YES;
				GCC_WARN_UNUSED_VARIABLE = YES;
				IPHONEOS_DEPLOYMENT_TARGET = 11.2;
				MTL_ENABLE_DEBUG_INFO = NO;
				SDKROOT = iphoneos;
				SWIFT_OPTIMIZATION_LEVEL = "-Owholemodule";
				VALIDATE_PRODUCT = YES;
			};
			name = Release;
		};
		593B6EBB203D9B480064195F /* Debug */ = {
			isa = XCBuildConfiguration;
			buildSettings = {
				ASSETCATALOG_COMPILER_APPICON_NAME = AppIcon;
				CODE_SIGN_STYLE = Automatic;
				DEVELOPMENT_TEAM = D9MP36DEWT;
				INFOPLIST_FILE = PersonalityQuiz/Info.plist;
				LD_RUNPATH_SEARCH_PATHS = "$(inherited) @executable_path/Frameworks";
				PRODUCT_BUNDLE_IDENTIFIER = com.example.PersonalityQuiz;
				PRODUCT_NAME = "$(TARGET_NAME)";
				SWIFT_VERSION = 4.0;
				TARGETED_DEVICE_FAMILY = "1,2";
			};
			name = Debug;
		};
		593B6EBC203D9B480064195F /* Release */ = {
			isa = XCBuildConfiguration;
			buildSettings = {
				ASSETCATALOG_COMPILER_APPICON_NAME = AppIcon;
				CODE_SIGN_STYLE = Automatic;
				DEVELOPMENT_TEAM = D9MP36DEWT;
				INFOPLIST_FILE = PersonalityQuiz/Info.plist;
				LD_RUNPATH_SEARCH_PATHS = "$(inherited) @executable_path/Frameworks";
				PRODUCT_BUNDLE_IDENTIFIER = com.example.PersonalityQuiz;
				PRODUCT_NAME = "$(TARGET_NAME)";
				SWIFT_VERSION = 4.0;
				TARGETED_DEVICE_FAMILY = "1,2";
			};
			name = Release;
		};
		593B6EBE203D9B480064195F /* Debug */ = {
			isa = XCBuildConfiguration;
			buildSettings = {
				ALWAYS_EMBED_SWIFT_STANDARD_LIBRARIES = YES;
				BUNDLE_LOADER = "$(TEST_HOST)";
				CODE_SIGN_STYLE = Automatic;
				DEVELOPMENT_TEAM = D9MP36DEWT;
				INFOPLIST_FILE = PersonalityQuizTests/Info.plist;
				LD_RUNPATH_SEARCH_PATHS = "$(inherited) @executable_path/Frameworks @loader_path/Frameworks";
				PRODUCT_BUNDLE_IDENTIFIER = com.example.PersonalityQuizTests;
				PRODUCT_NAME = "$(TARGET_NAME)";
				SWIFT_VERSION = 4.0;
				TARGETED_DEVICE_FAMILY = "1,2";
				TEST_HOST = "$(BUILT_PRODUCTS_DIR)/PersonalityQuiz.app/PersonalityQuiz";
			};
			name = Debug;
		};
		593B6EBF203D9B480064195F /* Release */ = {
			isa = XCBuildConfiguration;
			buildSettings = {
				ALWAYS_EMBED_SWIFT_STANDARD_LIBRARIES = YES;
				BUNDLE_LOADER = "$(TEST_HOST)";
				CODE_SIGN_STYLE = Automatic;
				DEVELOPMENT_TEAM = D9MP36DEWT;
				INFOPLIST_FILE = PersonalityQuizTests/Info.plist;
				LD_RUNPATH_SEARCH_PATHS = "$(inherited) @executable_path/Frameworks @loader_path/Frameworks";
				PRODUCT_BUNDLE_IDENTIFIER = com.example.PersonalityQuizTests;
				PRODUCT_NAME = "$(TARGET_NAME)";
				SWIFT_VERSION = 4.0;
				TARGETED_DEVICE_FAMILY = "1,2";
				TEST_HOST = "$(BUILT_PRODUCTS_DIR)/PersonalityQuiz.app/PersonalityQuiz";
			};
			name = Release;
		};
		593B6EC1203D9B480064195F /* Debug */ = {
			isa = XCBuildConfiguration;
			buildSettings = {
				ALWAYS_EMBED_SWIFT_STANDARD_LIBRARIES = YES;
				CODE_SIGN_STYLE = Automatic;
				DEVELOPMENT_TEAM = D9MP36DEWT;
				INFOPLIST_FILE = PersonalityQuizUITests/Info.plist;
				LD_RUNPATH_SEARCH_PATHS = "$(inherited) @executable_path/Frameworks @loader_path/Frameworks";
				PRODUCT_BUNDLE_IDENTIFIER = com.example.PersonalityQuizUITests;
				PRODUCT_NAME = "$(TARGET_NAME)";
				SWIFT_VERSION = 4.0;
				TARGETED_DEVICE_FAMILY = "1,2";
				TEST_TARGET_NAME = PersonalityQuiz;
			};
			name = Debug;
		};
		593B6EC2203D9B480064195F /* Release */ = {
			isa = XCBuildConfiguration;
			buildSettings = {
				ALWAYS_EMBED_SWIFT_STANDARD_LIBRARIES = YES;
				CODE_SIGN_STYLE = Automatic;
				DEVELOPMENT_TEAM = D9MP36DEWT;
				INFOPLIST_FILE = PersonalityQuizUITests/Info.plist;
				LD_RUNPATH_SEARCH_PATHS = "$(inherited) @executable_path/Frameworks @loader_path/Frameworks";
				PRODUCT_BUNDLE_IDENTIFIER = com.example.PersonalityQuizUITests;
				PRODUCT_NAME = "$(TARGET_NAME)";
				SWIFT_VERSION = 4.0;
				TARGETED_DEVICE_FAMILY = "1,2";
				TEST_TARGET_NAME = PersonalityQuiz;
			};
			name = Release;
		};
/* End XCBuildConfiguration section */

/* Begin XCConfigurationList section */
		593B6E8D203D9B470064195F /* Build configuration list for PBXProject "PersonalityQuiz" */ = {
			isa = XCConfigurationList;
			buildConfigurations = (
				593B6EB8203D9B480064195F /* Debug */,
				593B6EB9203D9B480064195F /* Release */,
			);
			defaultConfigurationIsVisible = 0;
			defaultConfigurationName = Release;
		};
		593B6EBA203D9B480064195F /* Build configuration list for PBXNativeTarget "PersonalityQuiz" */ = {
			isa = XCConfigurationList;
			buildConfigurations = (
				593B6EBB203D9B480064195F /* Debug */,
				593B6EBC203D9B480064195F /* Release */,
			);
			defaultConfigurationIsVisible = 0;
			defaultConfigurationName = Release;
		};
		593B6EBD203D9B480064195F /* Build configuration list for PBXNativeTarget "PersonalityQuizTests" */ = {
			isa = XCConfigurationList;
			buildConfigurations = (
				593B6EBE203D9B480064195F /* Debug */,
				593B6EBF203D9B480064195F /* Release */,
			);
			defaultConfigurationIsVisible = 0;
			defaultConfigurationName = Release;
		};
		593B6EC0203D9B480064195F /* Build configuration list for PBXNativeTarget "PersonalityQuizUITests" */ = {
			isa = XCConfigurationList;
			buildConfigurations = (
				593B6EC1203D9B480064195F /* Debug */,
				593B6EC2203D9B480064195F /* Release */,
			);
			defaultConfigurationIsVisible = 0;
			defaultConfigurationName = Release;
		};
/* End XCConfigurationList section */
	};
	rootObject = 593B6E8A203D9B470064195F /* Project object */;
}
